
Microsoft Visual Studio Solution File, Format Version 12.00
Project("{FAE04EC0-301F-11D3-BF4B-00C04F79EFBC}") = "ag-open-gps-web", "ag-open-gps-web\ag-open-gps-web.csproj", "{5479D9E1-1B00-47E0-B2E8-92CD61C8AC36}"
EndProject
Global
	GlobalSection(SolutionConfigurationPlatforms) = preSolution
		Debug|Any CPU = Debug|Any CPU
		Release|Any CPU = Release|Any CPU
	EndGlobalSection
	GlobalSection(ProjectConfigurationPlatforms) = postSolution
		{5479D9E1-1B00-47E0-B2E8-92CD61C8AC36}.Debug|Any CPU.ActiveCfg = Debug|Any CPU
		{5479D9E1-1B00-47E0-B2E8-92CD61C8AC36}.Debug|Any CPU.Build.0 = Debug|Any CPU
		{5479D9E1-1B00-47E0-B2E8-92CD61C8AC36}.Release|Any CPU.ActiveCfg = Release|Any CPU
		{5479D9E1-1B00-47E0-B2E8-92CD61C8AC36}.Release|Any CPU.Build.0 = Release|Any CPU
	EndGlobalSection
EndGlobal
